# EA Plan Master Control v6.7 - Persistent Context
# Mode: Prompt Append Chain
# Initialized: 2025-11-01T23:57:39.214Z
# Version: v6.7.0


[2025-11-01T23:57:39.223Z] INIT

================================================================================
Master Control v6.7.0 - Prompt Append Chain initialized

================================================================================


[2025-11-01T23:57:39.225Z] EXECUTION_START

================================================================================
🚀 EA Plan Master Control v6.7.0 — Full Stable Release Execution


================================================================================


[2025-11-01T23:57:41.263Z] STEP_1

================================================================================
🏷️  Step 1: GitHub Tag (Stable)

📦 Configuration:
   Version: v6.7.0
   Image: ghcr.io/cptsystems/master-control:v6.7.0
   Registry: ghcr.io/cptsystems

⚠️  Git tag v6.7.0 already exists
   Skipping tag creation, proceeding with push...

📤 Pushing Git tag...
✅ Git tag pushed successfully

⏭️  Skipping Docker build (--skip_build)

✅ Step 1 & 2 completed: ghcr.io/cptsystems/master-control:v6.7.0 tagged and built (Stable Release)

================================================================================


[2025-11-02T00:13:54.154Z] INIT

================================================================================
Master Control v6.7.0 - Prompt Append Chain initialized

================================================================================


[2025-11-02T00:13:54.163Z] EXECUTION_START

================================================================================
🚀 EA Plan Master Control v6.7.0 — Full Stable Release Execution


================================================================================


[2025-11-02T00:13:55.987Z] STEP_1

================================================================================
🏷️  Step 1: GitHub Tag (Stable)

📦 Configuration:
   Version: v6.7.0
   Image: ghcr.io/cptsystems/master-control:v6.7.0
   Registry: ghcr.io/cptsystems

⚠️  Git tag v6.7.0 already exists
   Skipping tag creation, proceeding with push...

📤 Pushing Git tag...
✅ Git tag pushed successfully

⏭️  Skipping Docker build (--skip_build)

✅ Step 1 & 2 completed: ghcr.io/cptsystems/master-control:v6.7.0 tagged and built (Stable Release)

================================================================================


[2025-11-02T00:17:49.711Z] INIT

================================================================================
Master Control v6.7.0 - Prompt Append Chain initialized

================================================================================


[2025-11-02T00:17:49.719Z] EXECUTION_START

================================================================================
🚀 EA Plan Master Control v6.7.0 — Full Stable Release Execution


================================================================================


[2025-11-02T00:17:52.388Z] STEP_1

================================================================================
🏷️  Step 1: GitHub Tag (Stable)

📦 Configuration:
   Version: v6.7.0
   Image: ghcr.io/cptsystems/master-control:v6.7.0
   Registry: ghcr.io/cptsystems

⚠️  Git tag v6.7.0 already exists
   Skipping tag creation, proceeding with push...

📤 Pushing Git tag...
✅ Git tag pushed successfully

⏭️  Skipping Docker build (--skip_build)

✅ Step 1 & 2 completed: ghcr.io/cptsystems/master-control:v6.7.0 tagged and built (Stable Release)

================================================================================


[2025-11-02T00:21:31.833Z] INIT

================================================================================
Master Control v6.7.0 - Prompt Append Chain initialized

================================================================================


[2025-11-02T00:39:40.831Z] INIT

================================================================================
Master Control v6.7.0 - Prompt Append Chain initialized

================================================================================


[2025-11-02T00:39:40.839Z] EXECUTION_START

================================================================================
🚀 EA Plan Master Control v6.7.0 — Full Stable Release Execution


================================================================================


[2025-11-02T00:39:42.578Z] STEP_1

================================================================================
🏷️  Step 1: GitHub Tag (Stable)

📦 Configuration:
   Version: v6.7.0
   Image: ghcr.io/cptsystems/master-control:v6.7.0
   Registry: ghcr.io/cptsystems

⚠️  Git tag v6.7.0 already exists
   Skipping tag creation, proceeding with push...

📤 Pushing Git tag...
✅ Git tag pushed successfully

⏭️  Skipping Docker build (--skip_build)

✅ Step 1 & 2 completed: ghcr.io/cptsystems/master-control:v6.7.0 tagged and built (Stable Release)

================================================================================


[2025-11-02T00:50:00.333Z] RESUME

================================================================================
🔄 Resuming deployment from Step 2 (ArgoCD Sync)

================================================================================


[2025-11-02T00:51:11.025Z] RESUME

================================================================================
🔄 Resuming deployment from Step 2 (ArgoCD Sync)

================================================================================


[2025-11-02T00:51:11.081Z] STEP_2

================================================================================

════════════════════════════════════════════════════════════
STEP 2: ArgoCD Sync (Production)
════════════════════════════════════════════════════════════

🔄 Step 3: ArgoCD Sync (Production)
[INFO] CLI: API call [object Object]

📋 ArgoCD Sync Results:
{
  "success": false,
  "steps": [
    {
      "step": "argocd-sync",
      "status": "failed",
      "result": {
        "synced": false,
        "error": "ArgoCD server not configured"
      },
      "error": "ArgoCD server not configured",
      "duration": 0
    }
  ],
  "totalDuration": 0,
  "startedAt": "2025-11-02T00:51:11.077Z",
  "completedAt": "2025-11-02T00:51:11.077Z",
  "summary": {
    "phase": "phase-7",
    "status": "outofsync",
    "selfUpdate": "disabled",
    "deployments": 0,
    "healthScore": 0
  }
}

⚠️  ArgoCD sync failed (resume mode - continuing)
   Error: ArgoCD server not configured
   Note: Production ArgoCD config required for full sync

================================================================================


[2025-11-02T00:51:45.929Z] RESUME

================================================================================
🔄 Resuming deployment from Step 2 (ArgoCD Sync)

================================================================================


[2025-11-02T00:51:46.056Z] STEP_2

================================================================================

════════════════════════════════════════════════════════════
STEP 2: ArgoCD Sync (Production)
════════════════════════════════════════════════════════════

🔄 Step 3: ArgoCD Sync (Production)
[INFO] CLI: API call [object Object]

📋 ArgoCD Sync Results:
{
  "success": false,
  "steps": [
    {
      "step": "argocd-sync",
      "status": "failed",
      "result": {
        "synced": false,
        "error": "ArgoCD server not configured"
      },
      "error": "ArgoCD server not configured",
      "duration": 1
    }
  ],
  "totalDuration": 1,
  "startedAt": "2025-11-02T00:51:46.043Z",
  "completedAt": "2025-11-02T00:51:46.044Z",
  "summary": {
    "phase": "phase-7",
    "status": "outofsync",
    "selfUpdate": "disabled",
    "deployments": 0,
    "healthScore": 0
  }
}

⚠️  ArgoCD sync failed (resume mode - continuing)
   Error: ArgoCD server not configured
   Note: Production ArgoCD config required for full sync

================================================================================

